// !$*UTF8*$!
{
	archiveVersion = 1;
	classes = {
	};
	objectVersion = 55;
	objects = {

/* Begin PBXBuildFile section */
		07538C38E42F98F5B31A568F /* Pods_Messenger.framework in Frameworks */ = {isa = PBXBuildFile; fileRef = 5588B13958D455273CA1411B /* Pods_Messenger.framework */; };
		22283A0627A974F4003F48E0 /* GoogleService-Info.plist in Resources */ = {isa = PBXBuildFile; fileRef = 22283A0527A974F4003F48E0 /* GoogleService-Info.plist */; };
		2269768227A84F7200672531 /* AppDelegate.swift in Sources */ = {isa = PBXBuildFile; fileRef = 2269768127A84F7200672531 /* AppDelegate.swift */; };
		2269768427A84F7200672531 /* SceneDelegate.swift in Sources */ = {isa = PBXBuildFile; fileRef = 2269768327A84F7200672531 /* SceneDelegate.swift */; };
		2269768627A84F7200672531 /* ConversationsViewController.swift in Sources */ = {isa = PBXBuildFile; fileRef = 2269768527A84F7200672531 /* ConversationsViewController.swift */; };
		2269768927A84F7200672531 /* Main.storyboard in Resources */ = {isa = PBXBuildFile; fileRef = 2269768727A84F7200672531 /* Main.storyboard */; };
		2269768B27A84F7600672531 /* Assets.xcassets in Resources */ = {isa = PBXBuildFile; fileRef = 2269768A27A84F7600672531 /* Assets.xcassets */; };
		2269768E27A84F7600672531 /* LaunchScreen.storyboard in Resources */ = {isa = PBXBuildFile; fileRef = 2269768C27A84F7600672531 /* LaunchScreen.storyboard */; };
		2269769C27A8528F00672531 /* LoginViewController.swift in Sources */ = {isa = PBXBuildFile; fileRef = 2269769B27A8528F00672531 /* LoginViewController.swift */; };
		2269769E27A852BE00672531 /* RegisterViewController.swift in Sources */ = {isa = PBXBuildFile; fileRef = 2269769D27A852BE00672531 /* RegisterViewController.swift */; };
		226976A027A8530A00672531 /* PhotoViewerViewController.swift in Sources */ = {isa = PBXBuildFile; fileRef = 2269769F27A8530A00672531 /* PhotoViewerViewController.swift */; };
		226976A227A8533100672531 /* VideoPlayerViewController.swift in Sources */ = {isa = PBXBuildFile; fileRef = 226976A127A8533100672531 /* VideoPlayerViewController.swift */; };
		226976A427A8537300672531 /* NewConversationViewController.swift in Sources */ = {isa = PBXBuildFile; fileRef = 226976A327A8537300672531 /* NewConversationViewController.swift */; };
		226976A627A8538F00672531 /* ProfileViewController.swift in Sources */ = {isa = PBXBuildFile; fileRef = 226976A527A8538F00672531 /* ProfileViewController.swift */; };
		226976A927A85E6C00672531 /* Extensions.swift in Sources */ = {isa = PBXBuildFile; fileRef = 226976A827A85E6C00672531 /* Extensions.swift */; };
		22BC21DB27A9C31F00C514AB /* DatabaseManager.swift in Sources */ = {isa = PBXBuildFile; fileRef = 22BC21DA27A9C31F00C514AB /* DatabaseManager.swift */; };
/* End PBXBuildFile section */

/* Begin PBXFileReference section */
		07F7B1969489D6D1BF798FA1 /* Pods-Messenger.release.xcconfig */ = {isa = PBXFileReference; includeInIndex = 1; lastKnownFileType = text.xcconfig; name = "Pods-Messenger.release.xcconfig"; path = "Target Support Files/Pods-Messenger/Pods-Messenger.release.xcconfig"; sourceTree = "<group>"; };
		22283A0527A974F4003F48E0 /* GoogleService-Info.plist */ = {isa = PBXFileReference; fileEncoding = 4; lastKnownFileType = text.plist.xml; path = "GoogleService-Info.plist"; sourceTree = "<group>"; };
		2269767E27A84F7200672531 /* Messenger.app */ = {isa = PBXFileReference; explicitFileType = wrapper.application; includeInIndex = 0; path = Messenger.app; sourceTree = BUILT_PRODUCTS_DIR; };
		2269768127A84F7200672531 /* AppDelegate.swift */ = {isa = PBXFileReference; lastKnownFileType = sourcecode.swift; path = AppDelegate.swift; sourceTree = "<group>"; };
		2269768327A84F7200672531 /* SceneDelegate.swift */ = {isa = PBXFileReference; lastKnownFileType = sourcecode.swift; path = SceneDelegate.swift; sourceTree = "<group>"; };
		2269768527A84F7200672531 /* ConversationsViewController.swift */ = {isa = PBXFileReference; lastKnownFileType = sourcecode.swift; path = ConversationsViewController.swift; sourceTree = "<group>"; };
		2269768827A84F7200672531 /* Base */ = {isa = PBXFileReference; lastKnownFileType = file.storyboard; name = Base; path = Base.lproj/Main.storyboard; sourceTree = "<group>"; };
		2269768A27A84F7600672531 /* Assets.xcassets */ = {isa = PBXFileReference; lastKnownFileType = folder.assetcatalog; path = Assets.xcassets; sourceTree = "<group>"; };
		2269768D27A84F7600672531 /* Base */ = {isa = PBXFileReference; lastKnownFileType = file.storyboard; name = Base; path = Base.lproj/LaunchScreen.storyboard; sourceTree = "<group>"; };
		2269768F27A84F7600672531 /* Info.plist */ = {isa = PBXFileReference; lastKnownFileType = text.plist.xml; path = Info.plist; sourceTree = "<group>"; };
		2269769B27A8528F00672531 /* LoginViewController.swift */ = {isa = PBXFileReference; lastKnownFileType = sourcecode.swift; path = LoginViewController.swift; sourceTree = "<group>"; };
		2269769D27A852BE00672531 /* RegisterViewController.swift */ = {isa = PBXFileReference; lastKnownFileType = sourcecode.swift; path = RegisterViewController.swift; sourceTree = "<group>"; };
		2269769F27A8530A00672531 /* PhotoViewerViewController.swift */ = {isa = PBXFileReference; lastKnownFileType = sourcecode.swift; path = PhotoViewerViewController.swift; sourceTree = "<group>"; };
		226976A127A8533100672531 /* VideoPlayerViewController.swift */ = {isa = PBXFileReference; lastKnownFileType = sourcecode.swift; path = VideoPlayerViewController.swift; sourceTree = "<group>"; };
		226976A327A8537300672531 /* NewConversationViewController.swift */ = {isa = PBXFileReference; lastKnownFileType = sourcecode.swift; path = NewConversationViewController.swift; sourceTree = "<group>"; };
		226976A527A8538F00672531 /* ProfileViewController.swift */ = {isa = PBXFileReference; lastKnownFileType = sourcecode.swift; path = ProfileViewController.swift; sourceTree = "<group>"; };
		226976A827A85E6C00672531 /* Extensions.swift */ = {isa = PBXFileReference; lastKnownFileType = sourcecode.swift; path = Extensions.swift; sourceTree = "<group>"; };
		22BC21DA27A9C31F00C514AB /* DatabaseManager.swift */ = {isa = PBXFileReference; lastKnownFileType = sourcecode.swift; path = DatabaseManager.swift; sourceTree = "<group>"; };
		5588B13958D455273CA1411B /* Pods_Messenger.framework */ = {isa = PBXFileReference; explicitFileType = wrapper.framework; includeInIndex = 0; path = Pods_Messenger.framework; sourceTree = BUILT_PRODUCTS_DIR; };
		F5F1F3794815C8746383591D /* Pods-Messenger.debug.xcconfig */ = {isa = PBXFileReference; includeInIndex = 1; lastKnownFileType = text.xcconfig; name = "Pods-Messenger.debug.xcconfig"; path = "Target Support Files/Pods-Messenger/Pods-Messenger.debug.xcconfig"; sourceTree = "<group>"; };
/* End PBXFileReference section */

/* Begin PBXFrameworksBuildPhase section */
		2269767B27A84F7200672531 /* Frameworks */ = {
			isa = PBXFrameworksBuildPhase;
			buildActionMask = 2147483647;
			files = (
				07538C38E42F98F5B31A568F /* Pods_Messenger.framework in Frameworks */,
			);
			runOnlyForDeploymentPostprocessing = 0;
		};
/* End PBXFrameworksBuildPhase section */

/* Begin PBXGroup section */
		0694ED1E636F211FAF3E5BF2 /* Pods */ = {
			isa = PBXGroup;
			children = (
				F5F1F3794815C8746383591D /* Pods-Messenger.debug.xcconfig */,
				07F7B1969489D6D1BF798FA1 /* Pods-Messenger.release.xcconfig */,
			);
			path = Pods;
			sourceTree = "<group>";
		};
		2269767527A84F7200672531 = {
			isa = PBXGroup;
			children = (
				2269768027A84F7200672531 /* Messenger */,
				2269767F27A84F7200672531 /* Products */,
				0694ED1E636F211FAF3E5BF2 /* Pods */,
				402625ABE23459469ACB5290 /* Frameworks */,
			);
			sourceTree = "<group>";
		};
		2269767F27A84F7200672531 /* Products */ = {
			isa = PBXGroup;
			children = (
				2269767E27A84F7200672531 /* Messenger.app */,
			);
			name = Products;
			sourceTree = "<group>";
		};
		2269768027A84F7200672531 /* Messenger */ = {
			isa = PBXGroup;
			children = (
				22283A0527A974F4003F48E0 /* GoogleService-Info.plist */,
				2269769927A8502B00672531 /* Resources */,
				2269769827A8501600672531 /* ViewModels */,
				2269769727A8500B00672531 /* Models */,
				2269769627A84FFA00672531 /* Views */,
				2269769527A84FE600672531 /* Controllers */,
				2269768F27A84F7600672531 /* Info.plist */,
			);
			path = Messenger;
			sourceTree = "<group>";
		};
		2269769527A84FE600672531 /* Controllers */ = {
			isa = PBXGroup;
			children = (
				2269768527A84F7200672531 /* ConversationsViewController.swift */,
				226976A727A8567F00672531 /* LoginAndRegister */,
				2269769F27A8530A00672531 /* PhotoViewerViewController.swift */,
				226976A127A8533100672531 /* VideoPlayerViewController.swift */,
				226976A327A8537300672531 /* NewConversationViewController.swift */,
				226976A527A8538F00672531 /* ProfileViewController.swift */,
			);
			path = Controllers;
			sourceTree = "<group>";
		};
		2269769627A84FFA00672531 /* Views */ = {
			isa = PBXGroup;
			children = (
				2269769A27A850C800672531 /* Storyboards */,
				2269768A27A84F7600672531 /* Assets.xcassets */,
			);
			path = Views;
			sourceTree = "<group>";
		};
		2269769727A8500B00672531 /* Models */ = {
			isa = PBXGroup;
			children = (
			);
			path = Models;
			sourceTree = "<group>";
		};
		2269769827A8501600672531 /* ViewModels */ = {
			isa = PBXGroup;
			children = (
			);
			path = ViewModels;
			sourceTree = "<group>";
		};
		2269769927A8502B00672531 /* Resources */ = {
			isa = PBXGroup;
			children = (
				2269768127A84F7200672531 /* AppDelegate.swift */,
				2269768327A84F7200672531 /* SceneDelegate.swift */,
				226976A827A85E6C00672531 /* Extensions.swift */,
				22BC21DA27A9C31F00C514AB /* DatabaseManager.swift */,
			);
			path = Resources;
			sourceTree = "<group>";
		};
		2269769A27A850C800672531 /* Storyboards */ = {
			isa = PBXGroup;
			children = (
				2269768727A84F7200672531 /* Main.storyboard */,
				2269768C27A84F7600672531 /* LaunchScreen.storyboard */,
			);
			path = Storyboards;
			sourceTree = "<group>";
		};
		226976A727A8567F00672531 /* LoginAndRegister */ = {
			isa = PBXGroup;
			children = (
				2269769B27A8528F00672531 /* LoginViewController.swift */,
				2269769D27A852BE00672531 /* RegisterViewController.swift */,
			);
			path = LoginAndRegister;
			sourceTree = "<group>";
		};
		402625ABE23459469ACB5290 /* Frameworks */ = {
			isa = PBXGroup;
			children = (
				5588B13958D455273CA1411B /* Pods_Messenger.framework */,
			);
			name = Frameworks;
			sourceTree = "<group>";
		};
/* End PBXGroup section */

/* Begin PBXNativeTarget section */
		2269767D27A84F7200672531 /* Messenger */ = {
			isa = PBXNativeTarget;
			buildConfigurationList = 2269769227A84F7600672531 /* Build configuration list for PBXNativeTarget "Messenger" */;
			buildPhases = (
				AC740C523534A44C42FE3181 /* [CP] Check Pods Manifest.lock */,
				2269767A27A84F7200672531 /* Sources */,
				2269767B27A84F7200672531 /* Frameworks */,
				2269767C27A84F7200672531 /* Resources */,
				7C12E2C297144EB94A0839EA /* [CP] Embed Pods Frameworks */,
			);
			buildRules = (
			);
			dependencies = (
			);
			name = Messenger;
			productName = Messenger;
			productReference = 2269767E27A84F7200672531 /* Messenger.app */;
			productType = "com.apple.product-type.application";
		};
/* End PBXNativeTarget section */

/* Begin PBXProject section */
		2269767627A84F7200672531 /* Project object */ = {
			isa = PBXProject;
			attributes = {
				BuildIndependentTargetsInParallel = 1;
				LastSwiftUpdateCheck = 1320;
				LastUpgradeCheck = 1320;
				TargetAttributes = {
					2269767D27A84F7200672531 = {
						CreatedOnToolsVersion = 13.2.1;
					};
				};
			};
			buildConfigurationList = 2269767927A84F7200672531 /* Build configuration list for PBXProject "Messenger" */;
			compatibilityVersion = "Xcode 13.0";
			developmentRegion = en;
			hasScannedForEncodings = 0;
			knownRegions = (
				en,
				Base,
			);
			mainGroup = 2269767527A84F7200672531;
			productRefGroup = 2269767F27A84F7200672531 /* Products */;
			projectDirPath = "";
			projectRoot = "";
			targets = (
				2269767D27A84F7200672531 /* Messenger */,
			);
		};
/* End PBXProject section */

/* Begin PBXResourcesBuildPhase section */
		2269767C27A84F7200672531 /* Resources */ = {
			isa = PBXResourcesBuildPhase;
			buildActionMask = 2147483647;
			files = (
				2269768E27A84F7600672531 /* LaunchScreen.storyboard in Resources */,
				22283A0627A974F4003F48E0 /* GoogleService-Info.plist in Resources */,
				2269768B27A84F7600672531 /* Assets.xcassets in Resources */,
				2269768927A84F7200672531 /* Main.storyboard in Resources */,
			);
			runOnlyForDeploymentPostprocessing = 0;
		};
/* End PBXResourcesBuildPhase section */

/* Begin PBXShellScriptBuildPhase section */
		7C12E2C297144EB94A0839EA /* [CP] Embed Pods Frameworks */ = {
			isa = PBXShellScriptBuildPhase;
			buildActionMask = 2147483647;
			files = (
			);
			inputFileListPaths = (
				"${PODS_ROOT}/Target Support Files/Pods-Messenger/Pods-Messenger-frameworks-${CONFIGURATION}-input-files.xcfilelist",
			);
			name = "[CP] Embed Pods Frameworks";
			outputFileListPaths = (
				"${PODS_ROOT}/Target Support Files/Pods-Messenger/Pods-Messenger-frameworks-${CONFIGURATION}-output-files.xcfilelist",
			);
			runOnlyForDeploymentPostprocessing = 0;
			shellPath = /bin/sh;
			shellScript = "\"${PODS_ROOT}/Target Support Files/Pods-Messenger/Pods-Messenger-frameworks.sh\"\n";
			showEnvVarsInLog = 0;
		};
		AC740C523534A44C42FE3181 /* [CP] Check Pods Manifest.lock */ = {
			isa = PBXShellScriptBuildPhase;
			buildActionMask = 2147483647;
			files = (
			);
			inputFileListPaths = (
			);
			inputPaths = (
				"${PODS_PODFILE_DIR_PATH}/Podfile.lock",
				"${PODS_ROOT}/Manifest.lock",
			);
			name = "[CP] Check Pods Manifest.lock";
			outputFileListPaths = (
			);
			outputPaths = (
				"$(DERIVED_FILE_DIR)/Pods-Messenger-checkManifestLockResult.txt",
			);
			runOnlyForDeploymentPostprocessing = 0;
			shellPath = /bin/sh;
			shellScript = "diff \"${PODS_PODFILE_DIR_PATH}/Podfile.lock\" \"${PODS_ROOT}/Manifest.lock\" > /dev/null\nif [ $? != 0 ] ; then\n    # print error to STDERR\n    echo \"error: The sandbox is not in sync with the Podfile.lock. Run 'pod install' or update your CocoaPods installation.\" >&2\n    exit 1\nfi\n# This output is used by Xcode 'outputs' to avoid re-running this script phase.\necho \"SUCCESS\" > \"${SCRIPT_OUTPUT_FILE_0}\"\n";
			showEnvVarsInLog = 0;
		};
/* End PBXShellScriptBuildPhase section */

/* Begin PBXSourcesBuildPhase section */
		2269767A27A84F7200672531 /* Sources */ = {
			isa = PBXSourcesBuildPhase;
			buildActionMask = 2147483647;
			files = (
				2269769C27A8528F00672531 /* LoginViewController.swift in Sources */,
				22BC21DB27A9C31F00C514AB /* DatabaseManager.swift in Sources */,
				2269769E27A852BE00672531 /* RegisterViewController.swift in Sources */,
				226976A427A8537300672531 /* NewConversationViewController.swift in Sources */,
				2269768627A84F7200672531 /* ConversationsViewController.swift in Sources */,
				226976A227A8533100672531 /* VideoPlayerViewController.swift in Sources */,
				226976A927A85E6C00672531 /* Extensions.swift in Sources */,
				2269768227A84F7200672531 /* AppDelegate.swift in Sources */,
				226976A627A8538F00672531 /* ProfileViewController.swift in Sources */,
				2269768427A84F7200672531 /* SceneDelegate.swift in Sources */,
				226976A027A8530A00672531 /* PhotoViewerViewController.swift in Sources */,
			);
			runOnlyForDeploymentPostprocessing = 0;
		};
/* End PBXSourcesBuildPhase section */

/* Begin PBXVariantGroup section */
		2269768727A84F7200672531 /* Main.storyboard */ = {
			isa = PBXVariantGroup;
			children = (
				2269768827A84F7200672531 /* Base */,
			);
			name = Main.storyboard;
			sourceTree = "<group>";
		};
		2269768C27A84F7600672531 /* LaunchScreen.storyboard */ = {
			isa = PBXVariantGroup;
			children = (
				2269768D27A84F7600672531 /* Base */,
			);
			name = LaunchScreen.storyboard;
			sourceTree = "<group>";
		};
/* End PBXVariantGroup section */

/* Begin XCBuildConfiguration section */
		2269769027A84F7600672531 /* Debug */ = {
			isa = XCBuildConfiguration;
			buildSettings = {
				ALWAYS_SEARCH_USER_PATHS = NO;
				CLANG_ANALYZER_NONNULL = YES;
				CLANG_ANALYZER_NUMBER_OBJECT_CONVERSION = YES_AGGRESSIVE;
				CLANG_CXX_LANGUAGE_STANDARD = "gnu++17";
				CLANG_CXX_LIBRARY = "libc++";
				CLANG_ENABLE_MODULES = YES;
				CLANG_ENABLE_OBJC_ARC = YES;
				CLANG_ENABLE_OBJC_WEAK = YES;
				CLANG_WARN_BLOCK_CAPTURE_AUTORELEASING = YES;
				CLANG_WARN_BOOL_CONVERSION = YES;
				CLANG_WARN_COMMA = YES;
				CLANG_WARN_CONSTANT_CONVERSION = YES;
				CLANG_WARN_DEPRECATED_OBJC_IMPLEMENTATIONS = YES;
				CLANG_WARN_DIRECT_OBJC_ISA_USAGE = YES_ERROR;
				CLANG_WARN_DOCUMENTATION_COMMENTS = YES;
				CLANG_WARN_EMPTY_BODY = YES;
				CLANG_WARN_ENUM_CONVERSION = YES;
				CLANG_WARN_INFINITE_RECURSION = YES;
				CLANG_WARN_INT_CONVERSION = YES;
				CLANG_WARN_NON_LITERAL_NULL_CONVERSION = YES;
				CLANG_WARN_OBJC_IMPLICIT_RETAIN_SELF = YES;
				CLANG_WARN_OBJC_LITERAL_CONVERSION = YES;
				CLANG_WARN_OBJC_ROOT_CLASS = YES_ERROR;
				CLANG_WARN_QUOTED_INCLUDE_IN_FRAMEWORK_HEADER = YES;
				CLANG_WARN_RANGE_LOOP_ANALYSIS = YES;
				CLANG_WARN_STRICT_PROTOTYPES = YES;
				CLANG_WARN_SUSPICIOUS_MOVE = YES;
				CLANG_WARN_UNGUARDED_AVAILABILITY = YES_AGGRESSIVE;
				CLANG_WARN_UNREACHABLE_CODE = YES;
				CLANG_WARN__DUPLICATE_METHOD_MATCH = YES;
				COPY_PHASE_STRIP = NO;
				DEBUG_INFORMATION_FORMAT = dwarf;
				ENABLE_STRICT_OBJC_MSGSEND = YES;
				ENABLE_TESTABILITY = YES;
				GCC_C_LANGUAGE_STANDARD = gnu11;
				GCC_DYNAMIC_NO_PIC = NO;
				GCC_NO_COMMON_BLOCKS = YES;
				GCC_OPTIMIZATION_LEVEL = 0;
				GCC_PREPROCESSOR_DEFINITIONS = (
					"DEBUG=1",
					"$(inherited)",
				);
				GCC_WARN_64_TO_32_BIT_CONVERSION = YES;
				GCC_WARN_ABOUT_RETURN_TYPE = YES_ERROR;
				GCC_WARN_UNDECLARED_SELECTOR = YES;
				GCC_WARN_UNINITIALIZED_AUTOS = YES_AGGRESSIVE;
				GCC_WARN_UNUSED_FUNCTION = YES;
				GCC_WARN_UNUSED_VARIABLE = YES;
				IPHONEOS_DEPLOYMENT_TARGET = 15.2;
				MTL_ENABLE_DEBUG_INFO = INCLUDE_SOURCE;
				MTL_FAST_MATH = YES;
				ONLY_ACTIVE_ARCH = YES;
				SDKROOT = iphoneos;
				SWIFT_ACTIVE_COMPILATION_CONDITIONS = DEBUG;
				SWIFT_OPTIMIZATION_LEVEL = "-Onone";
			};
			name = Debug;
		};
		2269769127A84F7600672531 /* Release */ = {
			isa = XCBuildConfiguration;
			buildSettings = {
				ALWAYS_SEARCH_USER_PATHS = NO;
				CLANG_ANALYZER_NONNULL = YES;
				CLANG_ANALYZER_NUMBER_OBJECT_CONVERSION = YES_AGGRESSIVE;
				CLANG_CXX_LANGUAGE_STANDARD = "gnu++17";
				CLANG_CXX_LIBRARY = "libc++";
				CLANG_ENABLE_MODULES = YES;
				CLANG_ENABLE_OBJC_ARC = YES;
				CLANG_ENABLE_OBJC_WEAK = YES;
				CLANG_WARN_BLOCK_CAPTURE_AUTORELEASING = YES;
				CLANG_WARN_BOOL_CONVERSION = YES;
				CLANG_WARN_COMMA = YES;
				CLANG_WARN_CONSTANT_CONVERSION = YES;
				CLANG_WARN_DEPRECATED_OBJC_IMPLEMENTATIONS = YES;
				CLANG_WARN_DIRECT_OBJC_ISA_USAGE = YES_ERROR;
				CLANG_WARN_DOCUMENTATION_COMMENTS = YES;
				CLANG_WARN_EMPTY_BODY = YES;
				CLANG_WARN_ENUM_CONVERSION = YES;
				CLANG_WARN_INFINITE_RECURSION = YES;
				CLANG_WARN_INT_CONVERSION = YES;
				CLANG_WARN_NON_LITERAL_NULL_CONVERSION = YES;
				CLANG_WARN_OBJC_IMPLICIT_RETAIN_SELF = YES;
				CLANG_WARN_OBJC_LITERAL_CONVERSION = YES;
				CLANG_WARN_OBJC_ROOT_CLASS = YES_ERROR;
				CLANG_WARN_QUOTED_INCLUDE_IN_FRAMEWORK_HEADER = YES;
				CLANG_WARN_RANGE_LOOP_ANALYSIS = YES;
				CLANG_WARN_STRICT_PROTOTYPES = YES;
				CLANG_WARN_SUSPICIOUS_MOVE = YES;
				CLANG_WARN_UNGUARDED_AVAILABILITY = YES_AGGRESSIVE;
				CLANG_WARN_UNREACHABLE_CODE = YES;
				CLANG_WARN__DUPLICATE_METHOD_MATCH = YES;
				COPY_PHASE_STRIP = NO;
				DEBUG_INFORMATION_FORMAT = "dwarf-with-dsym";
				ENABLE_NS_ASSERTIONS = NO;
				ENABLE_STRICT_OBJC_MSGSEND = YES;
				GCC_C_LANGUAGE_STANDARD = gnu11;
				GCC_NO_COMMON_BLOCKS = YES;
				GCC_WARN_64_TO_32_BIT_CONVERSION = YES;
				GCC_WARN_ABOUT_RETURN_TYPE = YES_ERROR;
				GCC_WARN_UNDECLARED_SELECTOR = YES;
				GCC_WARN_UNINITIALIZED_AUTOS = YES_AGGRESSIVE;
				GCC_WARN_UNUSED_FUNCTION = YES;
				GCC_WARN_UNUSED_VARIABLE = YES;
				IPHONEOS_DEPLOYMENT_TARGET = 15.2;
				MTL_ENABLE_DEBUG_INFO = NO;
				MTL_FAST_MATH = YES;
				SDKROOT = iphoneos;
				SWIFT_COMPILATION_MODE = wholemodule;
				SWIFT_OPTIMIZATION_LEVEL = "-O";
				VALIDATE_PRODUCT = YES;
			};
			name = Release;
		};
		2269769327A84F7600672531 /* Debug */ = {
			isa = XCBuildConfiguration;
			baseConfigurationReference = F5F1F3794815C8746383591D /* Pods-Messenger.debug.xcconfig */;
			buildSettings = {
				ASSETCATALOG_COMPILER_APPICON_NAME = AppIcon;
				ASSETCATALOG_COMPILER_GLOBAL_ACCENT_COLOR_NAME = AccentColor;
				CODE_SIGN_STYLE = Automatic;
				CURRENT_PROJECT_VERSION = 1;
				GENERATE_INFOPLIST_FILE = YES;
				INFOPLIST_FILE = Messenger/Info.plist;
				INFOPLIST_KEY_UIApplicationSupportsIndirectInputEvents = YES;
				INFOPLIST_KEY_UILaunchStoryboardName = LaunchScreen;
				INFOPLIST_KEY_UIMainStoryboardFile = Main;
				INFOPLIST_KEY_UISupportedInterfaceOrientations = UIInterfaceOrientationPortrait;
				INFOPLIST_KEY_UISupportedInterfaceOrientations_iPad = "UIInterfaceOrientationPortrait UIInterfaceOrientationPortraitUpsideDown UIInterfaceOrientationLandscapeLeft UIInterfaceOrientationLandscapeRight";
				INFOPLIST_KEY_UISupportedInterfaceOrientations_iPhone = "UIInterfaceOrientationPortrait UIInterfaceOrientationLandscapeLeft UIInterfaceOrientationLandscapeRight";
				IPHONEOS_DEPLOYMENT_TARGET = 13.5;
				LD_RUNPATH_SEARCH_PATHS = (
					"$(inherited)",
					"@executable_path/Frameworks",
				);
				MARKETING_VERSION = 1.0;
				PRODUCT_BUNDLE_IDENTIFIER = com.pavelstarovoytov.Messenger;
				PRODUCT_NAME = "$(TARGET_NAME)";
				SWIFT_EMIT_LOC_STRINGS = YES;
				SWIFT_VERSION = 5.0;
				TARGETED_DEVICE_FAMILY = "1,2";
			};
			name = Debug;
		};
		2269769427A84F7600672531 /* Release */ = {
			isa = XCBuildConfiguration;
			baseConfigurationReference = 07F7B1969489D6D1BF798FA1 /* Pods-Messenger.release.xcconfig */;
			buildSettings = {
				ASSETCATALOG_COMPILER_APPICON_NAME = AppIcon;
				ASSETCATALOG_COMPILER_GLOBAL_ACCENT_COLOR_NAME = AccentColor;
				CODE_SIGN_STYLE = Automatic;
				CURRENT_PROJECT_VERSION = 1;
				GENERATE_INFOPLIST_FILE = YES;
				INFOPLIST_FILE = Messenger/Info.plist;
				INFOPLIST_KEY_UIApplicationSupportsIndirectInputEvents = YES;
				INFOPLIST_KEY_UILaunchStoryboardName = LaunchScreen;
				INFOPLIST_KEY_UIMainStoryboardFile = Main;
				INFOPLIST_KEY_UISupportedInterfaceOrientations = UIInterfaceOrientationPortrait;
				INFOPLIST_KEY_UISupportedInterfaceOrientations_iPad = "UIInterfaceOrientationPortrait UIInterfaceOrientationPortraitUpsideDown UIInterfaceOrientationLandscapeLeft UIInterfaceOrientationLandscapeRight";
				INFOPLIST_KEY_UISupportedInterfaceOrientations_iPhone = "UIInterfaceOrientationPortrait UIInterfaceOrientationLandscapeLeft UIInterfaceOrientationLandscapeRight";
				IPHONEOS_DEPLOYMENT_TARGET = 13.5;
				LD_RUNPATH_SEARCH_PATHS = (
					"$(inherited)",
					"@executable_path/Frameworks",
				);
				MARKETING_VERSION = 1.0;
				PRODUCT_BUNDLE_IDENTIFIER = com.pavelstarovoytov.Messenger;
				PRODUCT_NAME = "$(TARGET_NAME)";
				SWIFT_EMIT_LOC_STRINGS = YES;
				SWIFT_VERSION = 5.0;
				TARGETED_DEVICE_FAMILY = "1,2";
			};
			name = Release;
		};
/* End XCBuildConfiguration section */

/* Begin XCConfigurationList section */
		2269767927A84F7200672531 /* Build configuration list for PBXProject "Messenger" */ = {
			isa = XCConfigurationList;
			buildConfigurations = (
				2269769027A84F7600672531 /* Debug */,
				2269769127A84F7600672531 /* Release */,
			);
			defaultConfigurationIsVisible = 0;
			defaultConfigurationName = Release;
		};
		2269769227A84F7600672531 /* Build configuration list for PBXNativeTarget "Messenger" */ = {
			isa = XCConfigurationList;
			buildConfigurations = (
				2269769327A84F7600672531 /* Debug */,
				2269769427A84F7600672531 /* Release */,
			);
			defaultConfigurationIsVisible = 0;
			defaultConfigurationName = Release;
		};
/* End XCConfigurationList section */
	};
	rootObject = 2269767627A84F7200672531 /* Project object */;
}
